
Microsoft Visual Studio Solution File, Format Version 12.00
# Visual Studio Version 16
VisualStudioVersion = 16.0.30611.23
MinimumVisualStudioVersion = 10.0.40219.1
Project("{FAE04EC0-301F-11D3-BF4B-00C04F79EFBC}") = "DoAn", "DoAn\DoAn.csproj", "{5A9DC193-7CBA-4991-9733-F946C7E16D7A}"
EndProject
Global
	GlobalSection(SolutionConfigurationPlatforms) = preSolution
		Debug|Any CPU = Debug|Any CPU
		Release|Any CPU = Release|Any CPU
	EndGlobalSection
	GlobalSection(ProjectConfigurationPlatforms) = postSolution
		{5A9DC193-7CBA-4991-9733-F946C7E16D7A}.Debug|Any CPU.ActiveCfg = Debug|Any CPU
		{5A9DC193-7CBA-4991-9733-F946C7E16D7A}.Debug|Any CPU.Build.0 = Debug|Any CPU
		{5A9DC193-7CBA-4991-9733-F946C7E16D7A}.Release|Any CPU.ActiveCfg = Release|Any CPU
		{5A9DC193-7CBA-4991-9733-F946C7E16D7A}.Release|Any CPU.Build.0 = Release|Any CPU
	EndGlobalSection
	GlobalSection(SolutionProperties) = preSolution
		HideSolutionNode = FALSE
	EndGlobalSection
	GlobalSection(ExtensibilityGlobals) = postSolution
		SolutionGuid = {20ED2451-9F39-490A-B26C-1299C35B2E2C}
	EndGlobalSection
EndGlobal
