
Microsoft Visual Studio Solution File, Format Version 12.00
# Visual Studio Version 17
VisualStudioVersion = 17.0.31919.166
MinimumVisualStudioVersion = 10.0.40219.1
Project("{FAE04EC0-301F-11D3-BF4B-00C04F79EFBC}") = "WindowsFormsApp1", "WindowsFormsApp1\WindowsFormsApp1.csproj", "{EA8FFCC3-39C8-4E6F-BBB3-37CCECC359A1}"
EndProject
Global
	GlobalSection(SolutionConfigurationPlatforms) = preSolution
		Debug|Any CPU = Debug|Any CPU
		Release|Any CPU = Release|Any CPU
	EndGlobalSection
	GlobalSection(ProjectConfigurationPlatforms) = postSolution
		{EA8FFCC3-39C8-4E6F-BBB3-37CCECC359A1}.Debug|Any CPU.ActiveCfg = Debug|Any CPU
		{EA8FFCC3-39C8-4E6F-BBB3-37CCECC359A1}.Debug|Any CPU.Build.0 = Debug|Any CPU
		{EA8FFCC3-39C8-4E6F-BBB3-37CCECC359A1}.Release|Any CPU.ActiveCfg = Release|Any CPU
		{EA8FFCC3-39C8-4E6F-BBB3-37CCECC359A1}.Release|Any CPU.Build.0 = Release|Any CPU
	EndGlobalSection
	GlobalSection(SolutionProperties) = preSolution
		HideSolutionNode = FALSE
	EndGlobalSection
	GlobalSection(ExtensibilityGlobals) = postSolution
		SolutionGuid = {B9344A4D-875F-45A6-93E9-7C880FDAA374}
	EndGlobalSection
EndGlobal
