
Microsoft Visual Studio Solution File, Format Version 12.00
# Visual Studio Version 16
VisualStudioVersion = 16.0.30413.136
MinimumVisualStudioVersion = 10.0.40219.1
Project("{FAE04EC0-301F-11D3-BF4B-00C04F79EFBC}") = "BanHang", "BanHang\BanHang.csproj", "{71D9F3EF-E62F-467C-A135-1B51EBAFBFA2}"
EndProject
Global
	GlobalSection(SolutionConfigurationPlatforms) = preSolution
		Debug|Any CPU = Debug|Any CPU
		Release|Any CPU = Release|Any CPU
	EndGlobalSection
	GlobalSection(ProjectConfigurationPlatforms) = postSolution
		{71D9F3EF-E62F-467C-A135-1B51EBAFBFA2}.Debug|Any CPU.ActiveCfg = Debug|Any CPU
		{71D9F3EF-E62F-467C-A135-1B51EBAFBFA2}.Debug|Any CPU.Build.0 = Debug|Any CPU
		{71D9F3EF-E62F-467C-A135-1B51EBAFBFA2}.Release|Any CPU.ActiveCfg = Release|Any CPU
		{71D9F3EF-E62F-467C-A135-1B51EBAFBFA2}.Release|Any CPU.Build.0 = Release|Any CPU
	EndGlobalSection
	GlobalSection(SolutionProperties) = preSolution
		HideSolutionNode = FALSE
	EndGlobalSection
	GlobalSection(ExtensibilityGlobals) = postSolution
		SolutionGuid = {2975FB7E-4A45-4BFC-8A3C-E1D1A9955A4D}
	EndGlobalSection
EndGlobal
