
Microsoft Visual Studio Solution File, Format Version 12.00
# Visual Studio Version 17
VisualStudioVersion = 17.0.31919.166
MinimumVisualStudioVersion = 10.0.40219.1
Project("{FAE04EC0-301F-11D3-BF4B-00C04F79EFBC}") = "QLBanHang", "QLBanHang\QLBanHang.csproj", "{31F62405-F213-42E2-86C1-B8B7E7219055}"
EndProject
Project("{FAE04EC0-301F-11D3-BF4B-00C04F79EFBC}") = "ConsoleApp1", "ConsoleApp1\ConsoleApp1.csproj", "{D6ADE4B3-3E62-4899-B275-EE94C992B7AE}"
EndProject
Global
	GlobalSection(SolutionConfigurationPlatforms) = preSolution
		Debug|Any CPU = Debug|Any CPU
		Release|Any CPU = Release|Any CPU
	EndGlobalSection
	GlobalSection(ProjectConfigurationPlatforms) = postSolution
		{31F62405-F213-42E2-86C1-B8B7E7219055}.Debug|Any CPU.ActiveCfg = Debug|Any CPU
		{31F62405-F213-42E2-86C1-B8B7E7219055}.Debug|Any CPU.Build.0 = Debug|Any CPU
		{31F62405-F213-42E2-86C1-B8B7E7219055}.Release|Any CPU.ActiveCfg = Release|Any CPU
		{31F62405-F213-42E2-86C1-B8B7E7219055}.Release|Any CPU.Build.0 = Release|Any CPU
		{D6ADE4B3-3E62-4899-B275-EE94C992B7AE}.Debug|Any CPU.ActiveCfg = Debug|Any CPU
		{D6ADE4B3-3E62-4899-B275-EE94C992B7AE}.Debug|Any CPU.Build.0 = Debug|Any CPU
		{D6ADE4B3-3E62-4899-B275-EE94C992B7AE}.Release|Any CPU.ActiveCfg = Release|Any CPU
		{D6ADE4B3-3E62-4899-B275-EE94C992B7AE}.Release|Any CPU.Build.0 = Release|Any CPU
	EndGlobalSection
	GlobalSection(SolutionProperties) = preSolution
		HideSolutionNode = FALSE
	EndGlobalSection
	GlobalSection(ExtensibilityGlobals) = postSolution
		SolutionGuid = {4393B65D-454B-4EC4-B2B6-08762B426790}
	EndGlobalSection
EndGlobal
